
Microsoft Visual Studio Solution File, Format Version 11.00
# Visual Studio 2010
Project("{FAE04EC0-301F-11D3-BF4B-00C04F79EFBC}") = "MouseGestures", "MouseGestures\MouseGestures.csproj", "{4535743F-2991-4B15-A464-CF4E46735A44}"
EndProject
Global
	GlobalSection(SolutionConfigurationPlatforms) = preSolution
		Debug|Any CPU = Debug|Any CPU
		Release|Any CPU = Release|Any CPU
	EndGlobalSection
	GlobalSection(ProjectConfigurationPlatforms) = postSolution
		{4535743F-2991-4B15-A464-CF4E46735A44}.Debug|Any CPU.ActiveCfg = Debug|Any CPU
		{4535743F-2991-4B15-A464-CF4E46735A44}.Debug|Any CPU.Build.0 = Debug|Any CPU
		{4535743F-2991-4B15-A464-CF4E46735A44}.Release|Any CPU.ActiveCfg = Release|Any CPU
		{4535743F-2991-4B15-A464-CF4E46735A44}.Release|Any CPU.Build.0 = Release|Any CPU
	EndGlobalSection
	GlobalSection(SolutionProperties) = preSolution
		HideSolutionNode = FALSE
	EndGlobalSection
EndGlobal
